
Microsoft Visual Studio Solution File, Format Version 12.00
# Visual Studio Version 17
VisualStudioVersion = 17.9.34723.18
MinimumVisualStudioVersion = 10.0.40219.1
Project("{FAE04EC0-301F-11D3-BF4B-00C04F79EFBC}") = "Assignment_Classes", "Assignment_Classes.csproj", "{89D6C11C-D01A-49A4-98CA-4DA77E3FA0CE}"
EndProject
Global
	GlobalSection(SolutionConfigurationPlatforms) = preSolution
		Debug|Any CPU = Debug|Any CPU
		Release|Any CPU = Release|Any CPU
	EndGlobalSection
	GlobalSection(ProjectConfigurationPlatforms) = postSolution
		{89D6C11C-D01A-49A4-98CA-4DA77E3FA0CE}.Debug|Any CPU.ActiveCfg = Debug|Any CPU
		{89D6C11C-D01A-49A4-98CA-4DA77E3FA0CE}.Debug|Any CPU.Build.0 = Debug|Any CPU
		{89D6C11C-D01A-49A4-98CA-4DA77E3FA0CE}.Release|Any CPU.ActiveCfg = Release|Any CPU
		{89D6C11C-D01A-49A4-98CA-4DA77E3FA0CE}.Release|Any CPU.Build.0 = Release|Any CPU
	EndGlobalSection
	GlobalSection(SolutionProperties) = preSolution
		HideSolutionNode = FALSE
	EndGlobalSection
	GlobalSection(ExtensibilityGlobals) = postSolution
		SolutionGuid = {4939745E-F65C-4A98-881E-B42C980FF105}
	EndGlobalSection
EndGlobal
